
Microsoft Visual Studio Solution File, Format Version 12.00
# Visual Studio Version 17
VisualStudioVersion = 17.5.002.0
MinimumVisualStudioVersion = 10.0.40219.1
Project("{9A19103F-16F7-4668-BE54-9A1E7A4F7556}") = "PortafolioI", "PortafolioI.csproj", "{7BDFE80E-F4A0-4FB9-B92C-B944815A1FDE}"
EndProject
Global
	GlobalSection(SolutionConfigurationPlatforms) = preSolution
		Debug|Any CPU = Debug|Any CPU
		Release|Any CPU = Release|Any CPU
	EndGlobalSection
	GlobalSection(ProjectConfigurationPlatforms) = postSolution
		{7BDFE80E-F4A0-4FB9-B92C-B944815A1FDE}.Debug|Any CPU.ActiveCfg = Debug|Any CPU
		{7BDFE80E-F4A0-4FB9-B92C-B944815A1FDE}.Debug|Any CPU.Build.0 = Debug|Any CPU
		{7BDFE80E-F4A0-4FB9-B92C-B944815A1FDE}.Release|Any CPU.ActiveCfg = Release|Any CPU
		{7BDFE80E-F4A0-4FB9-B92C-B944815A1FDE}.Release|Any CPU.Build.0 = Release|Any CPU
	EndGlobalSection
	GlobalSection(SolutionProperties) = preSolution
		HideSolutionNode = FALSE
	EndGlobalSection
	GlobalSection(ExtensibilityGlobals) = postSolution
		SolutionGuid = {6A0F76B9-6527-4224-8F48-09530BB04B21}
	EndGlobalSection
EndGlobal
